
Microsoft Visual Studio Solution File, Format Version 12.00
# Visual Studio Version 16
VisualStudioVersion = 16.0.30517.126
MinimumVisualStudioVersion = 10.0.40219.1
Project("{FAE04EC0-301F-11D3-BF4B-00C04F79EFBC}") = "TableAsciiWeb", "TableAsciiWeb\TableAsciiWeb.csproj", "{09E0C428-8EFD-4AC5-AA50-0C04BCD6C9EB}"
EndProject
Global
	GlobalSection(SolutionConfigurationPlatforms) = preSolution
		Debug|Any CPU = Debug|Any CPU
		Release|Any CPU = Release|Any CPU
	EndGlobalSection
	GlobalSection(ProjectConfigurationPlatforms) = postSolution
		{09E0C428-8EFD-4AC5-AA50-0C04BCD6C9EB}.Debug|Any CPU.ActiveCfg = Debug|Any CPU
		{09E0C428-8EFD-4AC5-AA50-0C04BCD6C9EB}.Debug|Any CPU.Build.0 = Debug|Any CPU
		{09E0C428-8EFD-4AC5-AA50-0C04BCD6C9EB}.Release|Any CPU.ActiveCfg = Release|Any CPU
		{09E0C428-8EFD-4AC5-AA50-0C04BCD6C9EB}.Release|Any CPU.Build.0 = Release|Any CPU
	EndGlobalSection
	GlobalSection(SolutionProperties) = preSolution
		HideSolutionNode = FALSE
	EndGlobalSection
	GlobalSection(ExtensibilityGlobals) = postSolution
		SolutionGuid = {2D6EE13F-3BAB-45E6-AE7C-115B492614C9}
	EndGlobalSection
EndGlobal
